
Microsoft Visual Studio Solution File, Format Version 12.00
# Visual Studio Version 17
VisualStudioVersion = 17.11.35327.3
MinimumVisualStudioVersion = 10.0.40219.1
Project("{FAE04EC0-301F-11D3-BF4B-00C04F79EFBC}") = "Ödev_5", "Ödev_5.csproj", "{088A7FF8-0352-4395-ACF8-63340C8289F2}"
EndProject
Global
	GlobalSection(SolutionConfigurationPlatforms) = preSolution
		Debug|Any CPU = Debug|Any CPU
		Release|Any CPU = Release|Any CPU
	EndGlobalSection
	GlobalSection(ProjectConfigurationPlatforms) = postSolution
		{088A7FF8-0352-4395-ACF8-63340C8289F2}.Debug|Any CPU.ActiveCfg = Debug|Any CPU
		{088A7FF8-0352-4395-ACF8-63340C8289F2}.Debug|Any CPU.Build.0 = Debug|Any CPU
		{088A7FF8-0352-4395-ACF8-63340C8289F2}.Release|Any CPU.ActiveCfg = Release|Any CPU
		{088A7FF8-0352-4395-ACF8-63340C8289F2}.Release|Any CPU.Build.0 = Release|Any CPU
	EndGlobalSection
	GlobalSection(SolutionProperties) = preSolution
		HideSolutionNode = FALSE
	EndGlobalSection
	GlobalSection(ExtensibilityGlobals) = postSolution
		SolutionGuid = {32675AB6-4BC8-48DF-919E-C4F2019C03A0}
	EndGlobalSection
EndGlobal
